
Microsoft Visual Studio Solution File, Format Version 12.00
# Visual Studio Version 17
VisualStudioVersion = 17.9.34728.123
MinimumVisualStudioVersion = 10.0.40219.1
Project("{FAE04EC0-301F-11D3-BF4B-00C04F79EFBC}") = "ThongFastFood_Api", "ThongFastFood_Api\ThongFastFood_Api.csproj", "{56CE39B3-AE51-448A-A0DE-6AAC0F7E0BE7}"
EndProject
Project("{FAE04EC0-301F-11D3-BF4B-00C04F79EFBC}") = "ThongFastFood_Client", "ThongFastFood_Client\ThongFastFood_Client.csproj", "{F5FAA8D7-91B4-4461-BA88-F8E9EBCAD147}"
EndProject
Global
	GlobalSection(SolutionConfigurationPlatforms) = preSolution
		Debug|Any CPU = Debug|Any CPU
		Release|Any CPU = Release|Any CPU
	EndGlobalSection
	GlobalSection(ProjectConfigurationPlatforms) = postSolution
		{56CE39B3-AE51-448A-A0DE-6AAC0F7E0BE7}.Debug|Any CPU.ActiveCfg = Debug|Any CPU
		{56CE39B3-AE51-448A-A0DE-6AAC0F7E0BE7}.Debug|Any CPU.Build.0 = Debug|Any CPU
		{56CE39B3-AE51-448A-A0DE-6AAC0F7E0BE7}.Release|Any CPU.ActiveCfg = Release|Any CPU
		{56CE39B3-AE51-448A-A0DE-6AAC0F7E0BE7}.Release|Any CPU.Build.0 = Release|Any CPU
		{F5FAA8D7-91B4-4461-BA88-F8E9EBCAD147}.Debug|Any CPU.ActiveCfg = Debug|Any CPU
		{F5FAA8D7-91B4-4461-BA88-F8E9EBCAD147}.Debug|Any CPU.Build.0 = Debug|Any CPU
		{F5FAA8D7-91B4-4461-BA88-F8E9EBCAD147}.Release|Any CPU.ActiveCfg = Release|Any CPU
		{F5FAA8D7-91B4-4461-BA88-F8E9EBCAD147}.Release|Any CPU.Build.0 = Release|Any CPU
	EndGlobalSection
	GlobalSection(SolutionProperties) = preSolution
		HideSolutionNode = FALSE
	EndGlobalSection
	GlobalSection(ExtensibilityGlobals) = postSolution
		SolutionGuid = {35FF3498-6056-4F19-A2EA-BD2EB9D76E76}
	EndGlobalSection
EndGlobal
